PODS:
  - Alamofire (4.0.1)
  - EasyPostApi (1.0.0):
    - Alamofire (~> 4.0)

DEPENDENCIES:
  - EasyPostApi (from `../`)

EXTERNAL SOURCES:
  EasyPostApi:
    :path: ../

SPEC CHECKSUMS:
  Alamofire: 7682d43245de14874acd142ec137b144aa1dd335
  EasyPostApi: cf2662aec612e1d75a0bc18622210dbf68676150

PODFILE CHECKSUM: be9c794db854d93793f3799d7137432046f7690c

COCOAPODS: 1.3.1
