PODS:
  - Alamofire (2.0.2)
  - EasyPostApi (0.1.0):
    - Alamofire (~> 2.0)
  - Nimble (2.0.0-rc.3)
  - Quick (0.6.0)

DEPENDENCIES:
  - EasyPostApi (from `../`)
  - Nimble (= 2.0.0-rc.3)
  - Quick (~> 0.6.0)

EXTERNAL SOURCES:
  EasyPostApi:
    :path: ../

SPEC CHECKSUMS:
  Alamofire: 8edbab00802a752bb5240cc2abe70e7e881488ad
  EasyPostApi: 77827a28ec07e141d408cc1344b71c139b17ec0b
  Nimble: 9dff98ee195ffe7351d3b2fb01d3a1420fd97948
  Quick: 563686dbcf0ae0f9f7401ac9cd2d786ee1b7f3d7

COCOAPODS: 0.39.0
