PODS:
  - Alamofire (2.0.2)
  - EasyPostApi (0.3.0):
    - Alamofire (~> 2.0)

DEPENDENCIES:
  - EasyPostApi (from `../`)

EXTERNAL SOURCES:
  EasyPostApi:
    :path: ../

SPEC CHECKSUMS:
  Alamofire: 8edbab00802a752bb5240cc2abe70e7e881488ad
  EasyPostApi: ef675e6fcb445e1863437e111e9de623bb402914

COCOAPODS: 0.39.0
